{
  "name": "i2c",
  "version": "1.0.0",
  "lockfileVersion": 3,
  "requires": true,
  "packages": {
    "": {
      "name": "i2c",
      "version": "1.0.0",
      "license": "MIT",
      "dependencies": {
        "coffee-script": "^1.12.7",
        "gpio": "^0.2.10",
        "i2c": "^0.2.5",
        "i2c-bus": "^5.2.2",
        "oled-font-5x7": "^1.0.3",
        "oled-i2c-bus": "^1.0.12",
        "pigpio": "^3.3.1",
        "wiring-pi": "^2.2.1"
      }
    },
    "node_modules/bindings": {
      "version": "1.5.0",
      "resolved": "https://registry.npmjs.org/bindings/-/bindings-1.5.0.tgz",
      "integrity": "sha512-p2q/t/mhvuOj/UeLlV6566GD/guowlr0hHxClI0W9m7MWYkL1F0hLo+0Aexs9HSPCtR1SXQ0TD3MMKrXZajbiQ==",
      "dependencies": {
        "file-uri-to-path": "1.0.0"
      }
    },
    "node_modules/coffee-script": {
      "version": "1.12.7",
      "resolved": "https://registry.npmjs.org/coffee-script/-/coffee-script-1.12.7.tgz",
      "integrity": "sha512-fLeEhqwymYat/MpTPUjSKHVYYl0ec2mOyALEMLmzr5i1isuG+6jfI2j2d5oBO3VIzgUXgBVIcOT9uH1TFxBckw==",
      "deprecated": "CoffeeScript on NPM has moved to \"coffeescript\" (no hyphen)",
      "bin": {
        "cake": "bin/cake",
        "coffee": "bin/coffee"
      },
      "engines": {
        "node": ">=0.8.0"
      }
    },
    "node_modules/coffeescript": {
      "version": "2.5.1",
      "resolved": "https://registry.npmjs.org/coffeescript/-/coffeescript-2.5.1.tgz",
      "integrity": "sha512-J2jRPX0eeFh5VKyVnoLrfVFgLZtnnmp96WQSLAS8OrLm2wtQLcnikYKe1gViJKDH7vucjuhHvBKKBP3rKcD1tQ==",
      "bin": {
        "cake": "bin/cake",
        "coffee": "bin/coffee"
      },
      "engines": {
        "node": ">=6"
      }
    },
    "node_modules/file-uri-to-path": {
      "version": "1.0.0",
      "resolved": "https://registry.npmjs.org/file-uri-to-path/-/file-uri-to-path-1.0.0.tgz",
      "integrity": "sha512-0Zt+s3L7Vf1biwWZ29aARiVYLx7iMGnEUl9x33fbB/j3jR81u/O2LbqK+Bm1CDSNDKVtJ/YjwY7TUd5SkeLQLw=="
    },
    "node_modules/gpio": {
      "version": "0.2.10",
      "resolved": "https://registry.npmjs.org/gpio/-/gpio-0.2.10.tgz",
      "integrity": "sha512-VBFvAye/pK/oWHDUCa2F8jyrtHhnHXR/zHxMz3REEgznfMCQyzy6yRU8hFNuMSO+AG3YN4fH71Suj6mvM3cG3w=="
    },
    "node_modules/i2c": {
      "version": "0.2.5",
      "resolved": "https://registry.npmjs.org/i2c/-/i2c-0.2.5.tgz",
      "integrity": "sha512-+OeXoxiw9AheSmeZN5brFiEL+K3lzgIekd6JIJy71y5sli5whtxeGMgPBA5XjXR5OE0EUhaXBCncLboltqHrIQ==",
      "hasInstallScript": true,
      "dependencies": {
        "bindings": "1.5.0",
        "coffeescript": "2.5.1",
        "nan": "~2.14.0",
        "repl": "0.1.3",
        "underscore": "1.11.0"
      }
    },
    "node_modules/i2c-bus": {
      "version": "5.2.2",
      "resolved": "https://registry.npmjs.org/i2c-bus/-/i2c-bus-5.2.2.tgz",
      "integrity": "sha512-b2y/et08rqggEjqod6QxV0Ng+RlSkZXsdE+E1aZEQBahepZ9uFD9XfA77Y8O9SgyhwfGEn+CNxsw0gvXW1/m4g==",
      "hasInstallScript": true,
      "dependencies": {
        "bindings": "^1.5.0",
        "nan": "^2.14.2"
      },
      "engines": {
        "node": ">=10.0.0"
      }
    },
    "node_modules/nan": {
      "version": "2.14.2",
      "resolved": "https://registry.npmjs.org/nan/-/nan-2.14.2.tgz",
      "integrity": "sha512-M2ufzIiINKCuDfBSAUr1vWQ+vuVcA9kqx8JJUsbQi6yf1uGRyb7HfpdfUr5qLXf3B/t8dPvcjhKMmlfnP47EzQ=="
    },
    "node_modules/oled-font-5x7": {
      "version": "1.0.3",
      "resolved": "https://registry.npmjs.org/oled-font-5x7/-/oled-font-5x7-1.0.3.tgz",
      "integrity": "sha512-l25WvKft8CgXYxtaqKdYrAS1P91rnUUUIiOXojAOvjNCsfFzIl1aEsE2JuaRgMh1Euo7slm5lX0w+1qNkL8PpQ=="
    },
    "node_modules/oled-i2c-bus": {
      "version": "1.0.12",
      "resolved": "https://registry.npmjs.org/oled-i2c-bus/-/oled-i2c-bus-1.0.12.tgz",
      "integrity": "sha512-xvCMwUCkEuIWoQOoL+O/pWr2BiEPlrO42TseDlTMiMP6tcqLYdR8lAQ5+4hqgI3XdQZFdTrtZh5Hgmo/pW/1Kg=="
    },
    "node_modules/pigpio": {
      "version": "3.3.1",
      "resolved": "https://registry.npmjs.org/pigpio/-/pigpio-3.3.1.tgz",
      "integrity": "sha512-z7J55K14IwWkA+oW5JHzWcgwThFAuJ7IzV3A2//yRm4jJ2DTU0DHIy91DB0siOi12rvvlrIhRetEuAo0ztF/vQ==",
      "hasInstallScript": true,
      "dependencies": {
        "bindings": "^1.5.0",
        "nan": "^2.14.2"
      },
      "engines": {
        "node": ">=10.0.0"
      }
    },
    "node_modules/repl": {
      "version": "0.1.3",
      "resolved": "https://registry.npmjs.org/repl/-/repl-0.1.3.tgz",
      "integrity": "sha512-C3ZEHaX28+EvM9lPiXl9ruN2g5M5sUvyCIDvZ0M4VCusfA1Cn0+z3tJcQl/lvxPsBm82q4hKHKebPlE3SEhFKg==",
      "engines": {
        "node": ">= 0.4.0"
      }
    },
    "node_modules/underscore": {
      "version": "1.11.0",
      "resolved": "https://registry.npmjs.org/underscore/-/underscore-1.11.0.tgz",
      "integrity": "sha512-xY96SsN3NA461qIRKZ/+qox37YXPtSBswMGfiNptr+wrt6ds4HaMw23TP612fEyGekRE6LNRiLYr/aqbHXNedw=="
    },
    "node_modules/wiring-pi": {
      "version": "2.2.1",
      "resolved": "https://registry.npmjs.org/wiring-pi/-/wiring-pi-2.2.1.tgz",
      "integrity": "sha512-gYpfitbvVAcMJEFqXnMNVEMzZ88/YjVwfLJYpe6YOc4dRsppCAcdjvn3xMj72wNcrHADd3XcVCrG8w64k1kMHg==",
      "hasInstallScript": true
    }
  }
}
